
Microsoft Visual Studio Solution File, Format Version 12.00
Project("{FAE04EC0-301F-11D3-BF4B-00C04F79EFBC}") = "Server", "Server\Server.csproj", "{B1C92E34-D5EA-488A-BB9F-2EC10A72C556}"
EndProject
Project("{FAE04EC0-301F-11D3-BF4B-00C04F79EFBC}") = "Client", "Client\Client.csproj", "{876803C3-7B43-4D38-9EE7-6550FEB05DC6}"
EndProject
Project("{FAE04EC0-301F-11D3-BF4B-00C04F79EFBC}") = "Core", "Core\Core.csproj", "{A72AF6D7-F2D8-4470-9745-944A5EF6545E}"
EndProject
Global
	GlobalSection(SolutionConfigurationPlatforms) = preSolution
		Debug|Any CPU = Debug|Any CPU
		Release|Any CPU = Release|Any CPU
	EndGlobalSection
	GlobalSection(ProjectConfigurationPlatforms) = postSolution
		{B1C92E34-D5EA-488A-BB9F-2EC10A72C556}.Debug|Any CPU.ActiveCfg = Debug|Any CPU
		{B1C92E34-D5EA-488A-BB9F-2EC10A72C556}.Debug|Any CPU.Build.0 = Debug|Any CPU
		{B1C92E34-D5EA-488A-BB9F-2EC10A72C556}.Release|Any CPU.ActiveCfg = Release|Any CPU
		{B1C92E34-D5EA-488A-BB9F-2EC10A72C556}.Release|Any CPU.Build.0 = Release|Any CPU
		{876803C3-7B43-4D38-9EE7-6550FEB05DC6}.Debug|Any CPU.ActiveCfg = Debug|Any CPU
		{876803C3-7B43-4D38-9EE7-6550FEB05DC6}.Debug|Any CPU.Build.0 = Debug|Any CPU
		{876803C3-7B43-4D38-9EE7-6550FEB05DC6}.Release|Any CPU.ActiveCfg = Release|Any CPU
		{876803C3-7B43-4D38-9EE7-6550FEB05DC6}.Release|Any CPU.Build.0 = Release|Any CPU
		{A72AF6D7-F2D8-4470-9745-944A5EF6545E}.Debug|Any CPU.ActiveCfg = Debug|Any CPU
		{A72AF6D7-F2D8-4470-9745-944A5EF6545E}.Debug|Any CPU.Build.0 = Debug|Any CPU
		{A72AF6D7-F2D8-4470-9745-944A5EF6545E}.Release|Any CPU.ActiveCfg = Release|Any CPU
		{A72AF6D7-F2D8-4470-9745-944A5EF6545E}.Release|Any CPU.Build.0 = Release|Any CPU
	EndGlobalSection
EndGlobal
